{
  "object": {
    "pins": [
      {
        "package": "CompositionalLayoutSpreadsheet",
        "repositoryURL": "https://github.com/ericleiyang/CompositionalLayoutSpreadsheet",
        "state": {
          "branch": null,
          "revision": "129c03300138870cacabe57cb20faca1d4c2a7ac",
          "version": "1.0.0"
        }
      }
    ]
  },
  "version": 1
}
