{
  "object": {
    "pins": [
      {
        "package": "CompositionalLayoutSpreadsheet",
        "repositoryURL": "https://github.com/ericleiyang/CompositionalLayoutSpreadsheet",
        "state": {
          "branch": null,
          "revision": "7c215e27aaee0f386a3d75ae912abc272fea314a",
          "version": "1.0.1"
        }
      }
    ]
  },
  "version": 1
}
